
Microsoft Visual Studio Solution File, Format Version 12.00
Project("{FAE04EC0-301F-11D3-BF4B-00C04F79EFBC}") = "Seq.App.Jira.Issue", "Seq.App.Jira.Issue\Seq.App.Jira.Issue.csproj", "{C9AC10AB-1255-4360-BE48-219B7D1C6FD0}"
EndProject
Project("{FAE04EC0-301F-11D3-BF4B-00C04F79EFBC}") = "Seq.App.Jira.Issue.Tests", "Seq.App.Jira.Issue.Tests\Seq.App.Jira.Issue.Tests.csproj", "{5827D012-FE8C-4A65-8B32-0AB6841CE371}"
EndProject
Global
	GlobalSection(SolutionConfigurationPlatforms) = preSolution
		Debug|Any CPU = Debug|Any CPU
		Release|Any CPU = Release|Any CPU
	EndGlobalSection
	GlobalSection(ProjectConfigurationPlatforms) = postSolution
		{C9AC10AB-1255-4360-BE48-219B7D1C6FD0}.Debug|Any CPU.ActiveCfg = Debug|Any CPU
		{C9AC10AB-1255-4360-BE48-219B7D1C6FD0}.Debug|Any CPU.Build.0 = Debug|Any CPU
		{C9AC10AB-1255-4360-BE48-219B7D1C6FD0}.Release|Any CPU.ActiveCfg = Release|Any CPU
		{C9AC10AB-1255-4360-BE48-219B7D1C6FD0}.Release|Any CPU.Build.0 = Release|Any CPU
		{5827D012-FE8C-4A65-8B32-0AB6841CE371}.Debug|Any CPU.ActiveCfg = Debug|Any CPU
		{5827D012-FE8C-4A65-8B32-0AB6841CE371}.Debug|Any CPU.Build.0 = Debug|Any CPU
		{5827D012-FE8C-4A65-8B32-0AB6841CE371}.Release|Any CPU.ActiveCfg = Release|Any CPU
		{5827D012-FE8C-4A65-8B32-0AB6841CE371}.Release|Any CPU.Build.0 = Release|Any CPU
	EndGlobalSection
EndGlobal
